
Microsoft Visual Studio Solution File, Format Version 12.00
# Visual Studio Version 17
VisualStudioVersion = 17.5.002.0
MinimumVisualStudioVersion = 10.0.40219.1
Project("{9A19103F-16F7-4668-BE54-9A1E7A4F7556}") = "reservatorio", "reservatorio.csproj", "{0C9555F6-7F35-4C55-B0CA-3C95D3E93EDB}"
EndProject
Global
	GlobalSection(SolutionConfigurationPlatforms) = preSolution
		Debug|Any CPU = Debug|Any CPU
		Release|Any CPU = Release|Any CPU
	EndGlobalSection
	GlobalSection(ProjectConfigurationPlatforms) = postSolution
		{0C9555F6-7F35-4C55-B0CA-3C95D3E93EDB}.Debug|Any CPU.ActiveCfg = Debug|Any CPU
		{0C9555F6-7F35-4C55-B0CA-3C95D3E93EDB}.Debug|Any CPU.Build.0 = Debug|Any CPU
		{0C9555F6-7F35-4C55-B0CA-3C95D3E93EDB}.Release|Any CPU.ActiveCfg = Release|Any CPU
		{0C9555F6-7F35-4C55-B0CA-3C95D3E93EDB}.Release|Any CPU.Build.0 = Release|Any CPU
	EndGlobalSection
	GlobalSection(SolutionProperties) = preSolution
		HideSolutionNode = FALSE
	EndGlobalSection
	GlobalSection(ExtensibilityGlobals) = postSolution
		SolutionGuid = {326CB928-F8FB-49C8-ADC8-046A072655AF}
	EndGlobalSection
EndGlobal
